
Microsoft Visual Studio Solution File, Format Version 12.00
# Visual Studio Version 17
VisualStudioVersion = 17.7.34031.279
MinimumVisualStudioVersion = 10.0.40219.1
Project("{9A19103F-16F7-4668-BE54-9A1E7A4F7556}") = "OskinAndreiKt-42-20", "OskinAndreiKt-42-20\OskinAndreiKt-42-20.csproj", "{9270CCC5-2CF2-4FC4-9108-30DBA5356715}"
EndProject
Project("{FAE04EC0-301F-11D3-BF4B-00C04F79EFBC}") = "OskinAndreiKt-42-20.Tests", "OskinAndreiKt-42-20.Tests\OskinAndreiKt-42-20.Tests.csproj", "{594CC985-5D3C-4F9F-AA67-27E045765457}"
EndProject
Global
	GlobalSection(SolutionConfigurationPlatforms) = preSolution
		Debug|Any CPU = Debug|Any CPU
		Release|Any CPU = Release|Any CPU
	EndGlobalSection
	GlobalSection(ProjectConfigurationPlatforms) = postSolution
		{9270CCC5-2CF2-4FC4-9108-30DBA5356715}.Debug|Any CPU.ActiveCfg = Debug|Any CPU
		{9270CCC5-2CF2-4FC4-9108-30DBA5356715}.Debug|Any CPU.Build.0 = Debug|Any CPU
		{9270CCC5-2CF2-4FC4-9108-30DBA5356715}.Release|Any CPU.ActiveCfg = Release|Any CPU
		{9270CCC5-2CF2-4FC4-9108-30DBA5356715}.Release|Any CPU.Build.0 = Release|Any CPU
		{594CC985-5D3C-4F9F-AA67-27E045765457}.Debug|Any CPU.ActiveCfg = Debug|Any CPU
		{594CC985-5D3C-4F9F-AA67-27E045765457}.Debug|Any CPU.Build.0 = Debug|Any CPU
		{594CC985-5D3C-4F9F-AA67-27E045765457}.Release|Any CPU.ActiveCfg = Release|Any CPU
		{594CC985-5D3C-4F9F-AA67-27E045765457}.Release|Any CPU.Build.0 = Release|Any CPU
	EndGlobalSection
	GlobalSection(SolutionProperties) = preSolution
		HideSolutionNode = FALSE
	EndGlobalSection
	GlobalSection(ExtensibilityGlobals) = postSolution
		SolutionGuid = {5F6A4954-C265-4DBF-9559-7FEED98302B2}
	EndGlobalSection
EndGlobal
